// !$*UTF8*$!
{
	archiveVersion = 1;
	classes = {
	};
	objectVersion = 48;
	objects = {

/* Begin PBXBuildFile section */
		8D3680422012A77000FF7013 /* AppDelegate.swift in Sources */ = {isa = PBXBuildFile; fileRef = 8D3680412012A77000FF7013 /* AppDelegate.swift */; };
		8D3680442012A77000FF7013 /* art.scnassets in Resources */ = {isa = PBXBuildFile; fileRef = 8D3680432012A77000FF7013 /* art.scnassets */; };
		8D3680462012A77000FF7013 /* ViewController.swift in Sources */ = {isa = PBXBuildFile; fileRef = 8D3680452012A77000FF7013 /* ViewController.swift */; };
		8D3680492012A77000FF7013 /* Main.storyboard in Resources */ = {isa = PBXBuildFile; fileRef = 8D3680472012A77000FF7013 /* Main.storyboard */; };
		8D36804B2012A77000FF7013 /* Assets.xcassets in Resources */ = {isa = PBXBuildFile; fileRef = 8D36804A2012A77000FF7013 /* Assets.xcassets */; };
		8D36804E2012A77000FF7013 /* LaunchScreen.storyboard in Resources */ = {isa = PBXBuildFile; fileRef = 8D36804C2012A77000FF7013 /* LaunchScreen.storyboard */; };
		8D5DA0AC201A88A800EB51C0 /* plane.png in Resources */ = {isa = PBXBuildFile; fileRef = 8D5DA0AB201A88A800EB51C0 /* plane.png */; };
		8D63CD5E2012CC8B00AAB8B9 /* Plane.swift in Sources */ = {isa = PBXBuildFile; fileRef = 8D63CD5D2012CC8B00AAB8B9 /* Plane.swift */; };
		8D63CD632012E2A100AAB8B9 /* Hero.swift in Sources */ = {isa = PBXBuildFile; fileRef = 8D63CD612012E2A100AAB8B9 /* Hero.swift */; };
		8D63CD642012E2A100AAB8B9 /* Enemy.swift in Sources */ = {isa = PBXBuildFile; fileRef = 8D63CD622012E2A100AAB8B9 /* Enemy.swift */; };
/* End PBXBuildFile section */

/* Begin PBXFileReference section */
		8D36803E2012A77000FF7013 /* ARSceneKitGame.app */ = {isa = PBXFileReference; explicitFileType = wrapper.application; includeInIndex = 0; path = ARSceneKitGame.app; sourceTree = BUILT_PRODUCTS_DIR; };
		8D3680412012A77000FF7013 /* AppDelegate.swift */ = {isa = PBXFileReference; lastKnownFileType = sourcecode.swift; path = AppDelegate.swift; sourceTree = "<group>"; };
		8D3680432012A77000FF7013 /* art.scnassets */ = {isa = PBXFileReference; lastKnownFileType = wrapper.scnassets; path = art.scnassets; sourceTree = "<group>"; };
		8D3680452012A77000FF7013 /* ViewController.swift */ = {isa = PBXFileReference; lastKnownFileType = sourcecode.swift; path = ViewController.swift; sourceTree = "<group>"; };
		8D3680482012A77000FF7013 /* Base */ = {isa = PBXFileReference; lastKnownFileType = file.storyboard; name = Base; path = Base.lproj/Main.storyboard; sourceTree = "<group>"; };
		8D36804A2012A77000FF7013 /* Assets.xcassets */ = {isa = PBXFileReference; lastKnownFileType = folder.assetcatalog; path = Assets.xcassets; sourceTree = "<group>"; };
		8D36804D2012A77000FF7013 /* Base */ = {isa = PBXFileReference; lastKnownFileType = file.storyboard; name = Base; path = Base.lproj/LaunchScreen.storyboard; sourceTree = "<group>"; };
		8D36804F2012A77000FF7013 /* Info.plist */ = {isa = PBXFileReference; lastKnownFileType = text.plist.xml; path = Info.plist; sourceTree = "<group>"; };
		8D5DA0AB201A88A800EB51C0 /* plane.png */ = {isa = PBXFileReference; lastKnownFileType = image.png; path = plane.png; sourceTree = "<group>"; };
		8D63CD5D2012CC8B00AAB8B9 /* Plane.swift */ = {isa = PBXFileReference; fileEncoding = 4; lastKnownFileType = sourcecode.swift; path = Plane.swift; sourceTree = "<group>"; };
		8D63CD612012E2A100AAB8B9 /* Hero.swift */ = {isa = PBXFileReference; fileEncoding = 4; lastKnownFileType = sourcecode.swift; path = Hero.swift; sourceTree = "<group>"; };
		8D63CD622012E2A100AAB8B9 /* Enemy.swift */ = {isa = PBXFileReference; fileEncoding = 4; lastKnownFileType = sourcecode.swift; path = Enemy.swift; sourceTree = "<group>"; };
/* End PBXFileReference section */

/* Begin PBXFrameworksBuildPhase section */
		8D36803B2012A77000FF7013 /* Frameworks */ = {
			isa = PBXFrameworksBuildPhase;
			buildActionMask = 2147483647;
			files = (
			);
			runOnlyForDeploymentPostprocessing = 0;
		};
/* End PBXFrameworksBuildPhase section */

/* Begin PBXGroup section */
		8D3680352012A77000FF7013 = {
			isa = PBXGroup;
			children = (
				8D3680402012A77000FF7013 /* ARSceneKitGame */,
				8D36803F2012A77000FF7013 /* Products */,
			);
			sourceTree = "<group>";
		};
		8D36803F2012A77000FF7013 /* Products */ = {
			isa = PBXGroup;
			children = (
				8D36803E2012A77000FF7013 /* ARSceneKitGame.app */,
			);
			name = Products;
			sourceTree = "<group>";
		};
		8D3680402012A77000FF7013 /* ARSceneKitGame */ = {
			isa = PBXGroup;
			children = (
				8D3680412012A77000FF7013 /* AppDelegate.swift */,
				8D3680432012A77000FF7013 /* art.scnassets */,
				8D3680452012A77000FF7013 /* ViewController.swift */,
				8D3680472012A77000FF7013 /* Main.storyboard */,
				8D36804A2012A77000FF7013 /* Assets.xcassets */,
				8D36804C2012A77000FF7013 /* LaunchScreen.storyboard */,
				8D36804F2012A77000FF7013 /* Info.plist */,
				8D5DA0AB201A88A800EB51C0 /* plane.png */,
				8D63CD622012E2A100AAB8B9 /* Enemy.swift */,
				8D63CD612012E2A100AAB8B9 /* Hero.swift */,
				8D63CD5D2012CC8B00AAB8B9 /* Plane.swift */,
			);
			path = ARSceneKitGame;
			sourceTree = "<group>";
		};
/* End PBXGroup section */

/* Begin PBXNativeTarget section */
		8D36803D2012A77000FF7013 /* ARSceneKitGame */ = {
			isa = PBXNativeTarget;
			buildConfigurationList = 8D3680522012A77000FF7013 /* Build configuration list for PBXNativeTarget "ARSceneKitGame" */;
			buildPhases = (
				8D36803A2012A77000FF7013 /* Sources */,
				8D36803B2012A77000FF7013 /* Frameworks */,
				8D36803C2012A77000FF7013 /* Resources */,
			);
			buildRules = (
			);
			dependencies = (
			);
			name = ARSceneKitGame;
			productName = ARSceneKitGame;
			productReference = 8D36803E2012A77000FF7013 /* ARSceneKitGame.app */;
			productType = "com.apple.product-type.application";
		};
/* End PBXNativeTarget section */

/* Begin PBXProject section */
		8D3680362012A77000FF7013 /* Project object */ = {
			isa = PBXProject;
			attributes = {
				LastSwiftUpdateCheck = 0910;
				LastUpgradeCheck = 1000;
				ORGANIZATIONNAME = "Siddharth Shekar";
				TargetAttributes = {
					8D36803D2012A77000FF7013 = {
						CreatedOnToolsVersion = 9.1;
						LastSwiftMigration = 1000;
						ProvisioningStyle = Automatic;
					};
				};
			};
			buildConfigurationList = 8D3680392012A77000FF7013 /* Build configuration list for PBXProject "ARSceneKitGame" */;
			compatibilityVersion = "Xcode 8.0";
			developmentRegion = en;
			hasScannedForEncodings = 0;
			knownRegions = (
				en,
				Base,
			);
			mainGroup = 8D3680352012A77000FF7013;
			productRefGroup = 8D36803F2012A77000FF7013 /* Products */;
			projectDirPath = "";
			projectRoot = "";
			targets = (
				8D36803D2012A77000FF7013 /* ARSceneKitGame */,
			);
		};
/* End PBXProject section */

/* Begin PBXResourcesBuildPhase section */
		8D36803C2012A77000FF7013 /* Resources */ = {
			isa = PBXResourcesBuildPhase;
			buildActionMask = 2147483647;
			files = (
				8D3680442012A77000FF7013 /* art.scnassets in Resources */,
				8D5DA0AC201A88A800EB51C0 /* plane.png in Resources */,
				8D36804E2012A77000FF7013 /* LaunchScreen.storyboard in Resources */,
				8D36804B2012A77000FF7013 /* Assets.xcassets in Resources */,
				8D3680492012A77000FF7013 /* Main.storyboard in Resources */,
			);
			runOnlyForDeploymentPostprocessing = 0;
		};
/* End PBXResourcesBuildPhase section */

/* Begin PBXSourcesBuildPhase section */
		8D36803A2012A77000FF7013 /* Sources */ = {
			isa = PBXSourcesBuildPhase;
			buildActionMask = 2147483647;
			files = (
				8D3680462012A77000FF7013 /* ViewController.swift in Sources */,
				8D63CD642012E2A100AAB8B9 /* Enemy.swift in Sources */,
				8D63CD5E2012CC8B00AAB8B9 /* Plane.swift in Sources */,
				8D3680422012A77000FF7013 /* AppDelegate.swift in Sources */,
				8D63CD632012E2A100AAB8B9 /* Hero.swift in Sources */,
			);
			runOnlyForDeploymentPostprocessing = 0;
		};
/* End PBXSourcesBuildPhase section */

/* Begin PBXVariantGroup section */
		8D3680472012A77000FF7013 /* Main.storyboard */ = {
			isa = PBXVariantGroup;
			children = (
				8D3680482012A77000FF7013 /* Base */,
			);
			name = Main.storyboard;
			sourceTree = "<group>";
		};
		8D36804C2012A77000FF7013 /* LaunchScreen.storyboard */ = {
			isa = PBXVariantGroup;
			children = (
				8D36804D2012A77000FF7013 /* Base */,
			);
			name = LaunchScreen.storyboard;
			sourceTree = "<group>";
		};
/* End PBXVariantGroup section */

/* Begin XCBuildConfiguration section */
		8D3680502012A77000FF7013 /* Debug */ = {
			isa = XCBuildConfiguration;
			buildSettings = {
				ALWAYS_SEARCH_USER_PATHS = NO;
				CLANG_ANALYZER_NONNULL = YES;
				CLANG_ANALYZER_NUMBER_OBJECT_CONVERSION = YES_AGGRESSIVE;
				CLANG_CXX_LANGUAGE_STANDARD = "gnu++14";
				CLANG_CXX_LIBRARY = "libc++";
				CLANG_ENABLE_MODULES = YES;
				CLANG_ENABLE_OBJC_ARC = YES;
				CLANG_WARN_BLOCK_CAPTURE_AUTORELEASING = YES;
				CLANG_WARN_BOOL_CONVERSION = YES;
				CLANG_WARN_COMMA = YES;
				CLANG_WARN_CONSTANT_CONVERSION = YES;
				CLANG_WARN_DEPRECATED_OBJC_IMPLEMENTATIONS = YES;
				CLANG_WARN_DIRECT_OBJC_ISA_USAGE = YES_ERROR;
				CLANG_WARN_DOCUMENTATION_COMMENTS = YES;
				CLANG_WARN_EMPTY_BODY = YES;
				CLANG_WARN_ENUM_CONVERSION = YES;
				CLANG_WARN_INFINITE_RECURSION = YES;
				CLANG_WARN_INT_CONVERSION = YES;
				CLANG_WARN_NON_LITERAL_NULL_CONVERSION = YES;
				CLANG_WARN_OBJC_IMPLICIT_RETAIN_SELF = YES;
				CLANG_WARN_OBJC_LITERAL_CONVERSION = YES;
				CLANG_WARN_OBJC_ROOT_CLASS = YES_ERROR;
				CLANG_WARN_RANGE_LOOP_ANALYSIS = YES;
				CLANG_WARN_STRICT_PROTOTYPES = YES;
				CLANG_WARN_SUSPICIOUS_MOVE = YES;
				CLANG_WARN_UNGUARDED_AVAILABILITY = YES_AGGRESSIVE;
				CLANG_WARN_UNREACHABLE_CODE = YES;
				CLANG_WARN__DUPLICATE_METHOD_MATCH = YES;
				CODE_SIGN_IDENTITY = "iPhone Developer";
				COPY_PHASE_STRIP = NO;
				DEBUG_INFORMATION_FORMAT = dwarf;
				ENABLE_STRICT_OBJC_MSGSEND = YES;
				ENABLE_TESTABILITY = YES;
				GCC_C_LANGUAGE_STANDARD = gnu11;
				GCC_DYNAMIC_NO_PIC = NO;
				GCC_NO_COMMON_BLOCKS = YES;
				GCC_OPTIMIZATION_LEVEL = 0;
				GCC_PREPROCESSOR_DEFINITIONS = (
					"DEBUG=1",
					"$(inherited)",
				);
				GCC_WARN_64_TO_32_BIT_CONVERSION = YES;
				GCC_WARN_ABOUT_RETURN_TYPE = YES_ERROR;
				GCC_WARN_UNDECLARED_SELECTOR = YES;
				GCC_WARN_UNINITIALIZED_AUTOS = YES_AGGRESSIVE;
				GCC_WARN_UNUSED_FUNCTION = YES;
				GCC_WARN_UNUSED_VARIABLE = YES;
				IPHONEOS_DEPLOYMENT_TARGET = 11.1;
				MTL_ENABLE_DEBUG_INFO = YES;
				ONLY_ACTIVE_ARCH = YES;
				SDKROOT = iphoneos;
				SWIFT_ACTIVE_COMPILATION_CONDITIONS = DEBUG;
				SWIFT_OPTIMIZATION_LEVEL = "-Onone";
			};
			name = Debug;
		};
		8D3680512012A77000FF7013 /* Release */ = {
			isa = XCBuildConfiguration;
			buildSettings = {
				ALWAYS_SEARCH_USER_PATHS = NO;
				CLANG_ANALYZER_NONNULL = YES;
				CLANG_ANALYZER_NUMBER_OBJECT_CONVERSION = YES_AGGRESSIVE;
				CLANG_CXX_LANGUAGE_STANDARD = "gnu++14";
				CLANG_CXX_LIBRARY = "libc++";
				CLANG_ENABLE_MODULES = YES;
				CLANG_ENABLE_OBJC_ARC = YES;
				CLANG_WARN_BLOCK_CAPTURE_AUTORELEASING = YES;
				CLANG_WARN_BOOL_CONVERSION = YES;
				CLANG_WARN_COMMA = YES;
				CLANG_WARN_CONSTANT_CONVERSION = YES;
				CLANG_WARN_DEPRECATED_OBJC_IMPLEMENTATIONS = YES;
				CLANG_WARN_DIRECT_OBJC_ISA_USAGE = YES_ERROR;
				CLANG_WARN_DOCUMENTATION_COMMENTS = YES;
				CLANG_WARN_EMPTY_BODY = YES;
				CLANG_WARN_ENUM_CONVERSION = YES;
				CLANG_WARN_INFINITE_RECURSION = YES;
				CLANG_WARN_INT_CONVERSION = YES;
				CLANG_WARN_NON_LITERAL_NULL_CONVERSION = YES;
				CLANG_WARN_OBJC_IMPLICIT_RETAIN_SELF = YES;
				CLANG_WARN_OBJC_LITERAL_CONVERSION = YES;
				CLANG_WARN_OBJC_ROOT_CLASS = YES_ERROR;
				CLANG_WARN_RANGE_LOOP_ANALYSIS = YES;
				CLANG_WARN_STRICT_PROTOTYPES = YES;
				CLANG_WARN_SUSPICIOUS_MOVE = YES;
				CLANG_WARN_UNGUARDED_AVAILABILITY = YES_AGGRESSIVE;
				CLANG_WARN_UNREACHABLE_CODE = YES;
				CLANG_WARN__DUPLICATE_METHOD_MATCH = YES;
				CODE_SIGN_IDENTITY = "iPhone Developer";
				COPY_PHASE_STRIP = NO;
				DEBUG_INFORMATION_FORMAT = "dwarf-with-dsym";
				ENABLE_NS_ASSERTIONS = NO;
				ENABLE_STRICT_OBJC_MSGSEND = YES;
				GCC_C_LANGUAGE_STANDARD = gnu11;
				GCC_NO_COMMON_BLOCKS = YES;
				GCC_WARN_64_TO_32_BIT_CONVERSION = YES;
				GCC_WARN_ABOUT_RETURN_TYPE = YES_ERROR;
				GCC_WARN_UNDECLARED_SELECTOR = YES;
				GCC_WARN_UNINITIALIZED_AUTOS = YES_AGGRESSIVE;
				GCC_WARN_UNUSED_FUNCTION = YES;
				GCC_WARN_UNUSED_VARIABLE = YES;
				IPHONEOS_DEPLOYMENT_TARGET = 11.1;
				MTL_ENABLE_DEBUG_INFO = NO;
				SDKROOT = iphoneos;
				SWIFT_OPTIMIZATION_LEVEL = "-Owholemodule";
				VALIDATE_PRODUCT = YES;
			};
			name = Release;
		};
		8D3680532012A77000FF7013 /* Debug */ = {
			isa = XCBuildConfiguration;
			buildSettings = {
				ASSETCATALOG_COMPILER_APPICON_NAME = AppIcon;
				CODE_SIGN_STYLE = Automatic;
				DEVELOPMENT_TEAM = 6KJ7MQ3AE9;
				INFOPLIST_FILE = ARSceneKitGame/Info.plist;
				LD_RUNPATH_SEARCH_PATHS = "$(inherited) @executable_path/Frameworks";
				PRODUCT_BUNDLE_IDENTIFIER = com.growlgamesstudio.jumpyjumpAR;
				PRODUCT_NAME = "$(TARGET_NAME)";
				SWIFT_VERSION = 4.2;
				TARGETED_DEVICE_FAMILY = 1;
			};
			name = Debug;
		};
		8D3680542012A77000FF7013 /* Release */ = {
			isa = XCBuildConfiguration;
			buildSettings = {
				ASSETCATALOG_COMPILER_APPICON_NAME = AppIcon;
				CODE_SIGN_STYLE = Automatic;
				DEVELOPMENT_TEAM = 6KJ7MQ3AE9;
				INFOPLIST_FILE = ARSceneKitGame/Info.plist;
				LD_RUNPATH_SEARCH_PATHS = "$(inherited) @executable_path/Frameworks";
				PRODUCT_BUNDLE_IDENTIFIER = com.growlgamesstudio.jumpyjumpAR;
				PRODUCT_NAME = "$(TARGET_NAME)";
				SWIFT_VERSION = 4.2;
				TARGETED_DEVICE_FAMILY = 1;
			};
			name = Release;
		};
/* End XCBuildConfiguration section */

/* Begin XCConfigurationList section */
		8D3680392012A77000FF7013 /* Build configuration list for PBXProject "ARSceneKitGame" */ = {
			isa = XCConfigurationList;
			buildConfigurations = (
				8D3680502012A77000FF7013 /* Debug */,
				8D3680512012A77000FF7013 /* Release */,
			);
			defaultConfigurationIsVisible = 0;
			defaultConfigurationName = Release;
		};
		8D3680522012A77000FF7013 /* Build configuration list for PBXNativeTarget "ARSceneKitGame" */ = {
			isa = XCConfigurationList;
			buildConfigurations = (
				8D3680532012A77000FF7013 /* Debug */,
				8D3680542012A77000FF7013 /* Release */,
			);
			defaultConfigurationIsVisible = 0;
			defaultConfigurationName = Release;
		};
/* End XCConfigurationList section */
	};
	rootObject = 8D3680362012A77000FF7013 /* Project object */;
}
